
Microsoft Visual Studio Solution File, Format Version 12.00
# Visual Studio Version 17
VisualStudioVersion = 17.3.32825.248
MinimumVisualStudioVersion = 10.0.40219.1
Project("{FAE04EC0-301F-11D3-BF4B-00C04F79EFBC}") = "FacturaWs", "FacturaWs\FacturaWs.csproj", "{198D8877-FB28-481C-8910-F58ACF8EB277}"
EndProject
Project("{FAE04EC0-301F-11D3-BF4B-00C04F79EFBC}") = "GesFactura", "GesFactura\GesFactura.csproj", "{80119528-4E79-4C02-AC74-C1B4BC28B520}"
EndProject
Global
	GlobalSection(SolutionConfigurationPlatforms) = preSolution
		Debug|Any CPU = Debug|Any CPU
		Release|Any CPU = Release|Any CPU
	EndGlobalSection
	GlobalSection(ProjectConfigurationPlatforms) = postSolution
		{198D8877-FB28-481C-8910-F58ACF8EB277}.Debug|Any CPU.ActiveCfg = Debug|Any CPU
		{198D8877-FB28-481C-8910-F58ACF8EB277}.Debug|Any CPU.Build.0 = Debug|Any CPU
		{198D8877-FB28-481C-8910-F58ACF8EB277}.Release|Any CPU.ActiveCfg = Release|Any CPU
		{198D8877-FB28-481C-8910-F58ACF8EB277}.Release|Any CPU.Build.0 = Release|Any CPU
		{80119528-4E79-4C02-AC74-C1B4BC28B520}.Debug|Any CPU.ActiveCfg = Debug|Any CPU
		{80119528-4E79-4C02-AC74-C1B4BC28B520}.Debug|Any CPU.Build.0 = Debug|Any CPU
		{80119528-4E79-4C02-AC74-C1B4BC28B520}.Release|Any CPU.ActiveCfg = Release|Any CPU
		{80119528-4E79-4C02-AC74-C1B4BC28B520}.Release|Any CPU.Build.0 = Release|Any CPU
	EndGlobalSection
	GlobalSection(SolutionProperties) = preSolution
		HideSolutionNode = FALSE
	EndGlobalSection
	GlobalSection(ExtensibilityGlobals) = postSolution
		SolutionGuid = {9ACC249F-9393-4A70-86B6-E5545E75FE46}
	EndGlobalSection
EndGlobal
